
Microsoft Visual Studio Solution File, Format Version 12.00
# Visual Studio 15
VisualStudioVersion = 15.0.28307.1500
MinimumVisualStudioVersion = 10.0.40219.1
Project("{FAE04EC0-301F-11D3-BF4B-00C04F79EFBC}") = "ITMO.WFCourse2021.Lab01_01.Rectangle", "ITMO.WFCourse2021.Lab01_01.Rectangle\ITMO.WFCourse2021.Lab01_01.Rectangle.csproj", "{FDF60A6E-12D1-45B4-AB24-E788F2A4A3FE}"
EndProject
Project("{FAE04EC0-301F-11D3-BF4B-00C04F79EFBC}") = "ITMO.WFCourse2021.Lab01_02.NoRectangle", "ITMO.WFCourse2021.Lab01_02.NoRectangle\ITMO.WFCourse2021.Lab01_02.NoRectangle.csproj", "{0D123076-539B-48F9-80B3-3AE8578B18E3}"
EndProject
Project("{FAE04EC0-301F-11D3-BF4B-00C04F79EFBC}") = "ITMO.WFCourse2021.Lab01_03.InheritedForm", "ITMO.WFCourse2021.Lab01_03.InheritedForm\ITMO.WFCourse2021.Lab01_03.InheritedForm.csproj", "{145D42CE-E02F-4B40-8F54-5EF593CB44BF}"
EndProject
Project("{FAE04EC0-301F-11D3-BF4B-00C04F79EFBC}") = "ITMO.WFCourse2021.Lab01_05.ControlTask1.Ellipse", "ITMO.WFCourse2021.Lab01_05.ControlTask1.Ellipse\ITMO.WFCourse2021.Lab01_05.ControlTask1.Ellipse.csproj", "{0B98D163-A4F4-4589-A425-BBED3640A420}"
EndProject
Project("{FAE04EC0-301F-11D3-BF4B-00C04F79EFBC}") = "ITMO.WFCourse2021.Lab02_01.WinQuestion", "ITMO.WFCourse2021.Lab02_01.WinQuestion\ITMO.WFCourse2021.Lab02_01.WinQuestion.csproj", "{C50025A8-57AD-4F24-AABF-9DE99D0FE1CA}"
EndProject
Project("{FAE04EC0-301F-11D3-BF4B-00C04F79EFBC}") = "ITMO.WFCourse2021.Lab02_02.TestList", "ITMO.WFCourse2021.Lab02_02.TestList\ITMO.WFCourse2021.Lab02_02.TestList.csproj", "{3FBB642E-B602-4B80-903F-0F9BBF6B11D1}"
EndProject
Project("{FAE04EC0-301F-11D3-BF4B-00C04F79EFBC}") = "ITMO.WFCourse2021.Lab02_05.WinContainer", "ITMO.WFCourse2021.Lab02_05.WinContainer\ITMO.WFCourse2021.Lab02_05.WinContainer.csproj", "{EE276A2A-C575-4C84-A271-8583AC34891D}"
EndProject
Project("{FAE04EC0-301F-11D3-BF4B-00C04F79EFBC}") = "ITMO.WFCourse2021.Lab02_06.BiblWorm", "ITMO.WFCourse2021.Lab02_06.BiblWorm\ITMO.WFCourse2021.Lab02_06.BiblWorm.csproj", "{20B6F93C-CBC7-4B56-B928-780102E50FDD}"
EndProject
Project("{FAE04EC0-301F-11D3-BF4B-00C04F79EFBC}") = "ITMO.WFCourse2021.Lab02_07.RegistrationForm", "ITMO.WFCourse2021.Lab02_07.RegistrationForm\ITMO.WFCourse2021.Lab02_07.RegistrationForm.csproj", "{CCCAEC58-C093-4E75-8414-6A0E0A9E0D55}"
EndProject
Project("{FAE04EC0-301F-11D3-BF4B-00C04F79EFBC}") = "ITMO.WFCourse2021.Lab01_05.ControlTask2.Rhomb", "ITMO.WFCourse2021.Lab01_05.ControlTask2.Rhomb\ITMO.WFCourse2021.Lab01_05.ControlTask2.Rhomb.csproj", "{02AC5BDA-3557-49DD-A415-13A5C5C4CC0A}"
EndProject
Global
	GlobalSection(SolutionConfigurationPlatforms) = preSolution
		Debug|Any CPU = Debug|Any CPU
		Release|Any CPU = Release|Any CPU
	EndGlobalSection
	GlobalSection(ProjectConfigurationPlatforms) = postSolution
		{FDF60A6E-12D1-45B4-AB24-E788F2A4A3FE}.Debug|Any CPU.ActiveCfg = Debug|Any CPU
		{FDF60A6E-12D1-45B4-AB24-E788F2A4A3FE}.Debug|Any CPU.Build.0 = Debug|Any CPU
		{FDF60A6E-12D1-45B4-AB24-E788F2A4A3FE}.Release|Any CPU.ActiveCfg = Release|Any CPU
		{FDF60A6E-12D1-45B4-AB24-E788F2A4A3FE}.Release|Any CPU.Build.0 = Release|Any CPU
		{0D123076-539B-48F9-80B3-3AE8578B18E3}.Debug|Any CPU.ActiveCfg = Debug|Any CPU
		{0D123076-539B-48F9-80B3-3AE8578B18E3}.Debug|Any CPU.Build.0 = Debug|Any CPU
		{0D123076-539B-48F9-80B3-3AE8578B18E3}.Release|Any CPU.ActiveCfg = Release|Any CPU
		{0D123076-539B-48F9-80B3-3AE8578B18E3}.Release|Any CPU.Build.0 = Release|Any CPU
		{145D42CE-E02F-4B40-8F54-5EF593CB44BF}.Debug|Any CPU.ActiveCfg = Debug|Any CPU
		{145D42CE-E02F-4B40-8F54-5EF593CB44BF}.Debug|Any CPU.Build.0 = Debug|Any CPU
		{145D42CE-E02F-4B40-8F54-5EF593CB44BF}.Release|Any CPU.ActiveCfg = Release|Any CPU
		{145D42CE-E02F-4B40-8F54-5EF593CB44BF}.Release|Any CPU.Build.0 = Release|Any CPU
		{0B98D163-A4F4-4589-A425-BBED3640A420}.Debug|Any CPU.ActiveCfg = Debug|Any CPU
		{0B98D163-A4F4-4589-A425-BBED3640A420}.Debug|Any CPU.Build.0 = Debug|Any CPU
		{0B98D163-A4F4-4589-A425-BBED3640A420}.Release|Any CPU.ActiveCfg = Release|Any CPU
		{0B98D163-A4F4-4589-A425-BBED3640A420}.Release|Any CPU.Build.0 = Release|Any CPU
		{C50025A8-57AD-4F24-AABF-9DE99D0FE1CA}.Debug|Any CPU.ActiveCfg = Debug|Any CPU
		{C50025A8-57AD-4F24-AABF-9DE99D0FE1CA}.Debug|Any CPU.Build.0 = Debug|Any CPU
		{C50025A8-57AD-4F24-AABF-9DE99D0FE1CA}.Release|Any CPU.ActiveCfg = Release|Any CPU
		{C50025A8-57AD-4F24-AABF-9DE99D0FE1CA}.Release|Any CPU.Build.0 = Release|Any CPU
		{3FBB642E-B602-4B80-903F-0F9BBF6B11D1}.Debug|Any CPU.ActiveCfg = Debug|Any CPU
		{3FBB642E-B602-4B80-903F-0F9BBF6B11D1}.Debug|Any CPU.Build.0 = Debug|Any CPU
		{3FBB642E-B602-4B80-903F-0F9BBF6B11D1}.Release|Any CPU.ActiveCfg = Release|Any CPU
		{3FBB642E-B602-4B80-903F-0F9BBF6B11D1}.Release|Any CPU.Build.0 = Release|Any CPU
		{EE276A2A-C575-4C84-A271-8583AC34891D}.Debug|Any CPU.ActiveCfg = Debug|Any CPU
		{EE276A2A-C575-4C84-A271-8583AC34891D}.Debug|Any CPU.Build.0 = Debug|Any CPU
		{EE276A2A-C575-4C84-A271-8583AC34891D}.Release|Any CPU.ActiveCfg = Release|Any CPU
		{EE276A2A-C575-4C84-A271-8583AC34891D}.Release|Any CPU.Build.0 = Release|Any CPU
		{20B6F93C-CBC7-4B56-B928-780102E50FDD}.Debug|Any CPU.ActiveCfg = Debug|Any CPU
		{20B6F93C-CBC7-4B56-B928-780102E50FDD}.Debug|Any CPU.Build.0 = Debug|Any CPU
		{20B6F93C-CBC7-4B56-B928-780102E50FDD}.Release|Any CPU.ActiveCfg = Release|Any CPU
		{20B6F93C-CBC7-4B56-B928-780102E50FDD}.Release|Any CPU.Build.0 = Release|Any CPU
		{CCCAEC58-C093-4E75-8414-6A0E0A9E0D55}.Debug|Any CPU.ActiveCfg = Debug|Any CPU
		{CCCAEC58-C093-4E75-8414-6A0E0A9E0D55}.Debug|Any CPU.Build.0 = Debug|Any CPU
		{CCCAEC58-C093-4E75-8414-6A0E0A9E0D55}.Release|Any CPU.ActiveCfg = Release|Any CPU
		{CCCAEC58-C093-4E75-8414-6A0E0A9E0D55}.Release|Any CPU.Build.0 = Release|Any CPU
		{02AC5BDA-3557-49DD-A415-13A5C5C4CC0A}.Debug|Any CPU.ActiveCfg = Debug|Any CPU
		{02AC5BDA-3557-49DD-A415-13A5C5C4CC0A}.Debug|Any CPU.Build.0 = Debug|Any CPU
		{02AC5BDA-3557-49DD-A415-13A5C5C4CC0A}.Release|Any CPU.ActiveCfg = Release|Any CPU
		{02AC5BDA-3557-49DD-A415-13A5C5C4CC0A}.Release|Any CPU.Build.0 = Release|Any CPU
	EndGlobalSection
	GlobalSection(SolutionProperties) = preSolution
		HideSolutionNode = FALSE
	EndGlobalSection
	GlobalSection(ExtensibilityGlobals) = postSolution
		SolutionGuid = {3E8CC8CC-336F-4B7A-8015-A57921C18F02}
	EndGlobalSection
EndGlobal
